
Microsoft Visual Studio Solution File, Format Version 12.00
# Visual Studio Version 17
VisualStudioVersion = 17.8.34330.188
MinimumVisualStudioVersion = 10.0.40219.1
Project("{FAE04EC0-301F-11D3-BF4B-00C04F79EFBC}") = "PlanificadorAPI", "PlanificadorAPI\PlanificadorAPI.csproj", "{309E4632-6352-4640-9951-BC6375930EBA}"
EndProject
Global
	GlobalSection(SolutionConfigurationPlatforms) = preSolution
		Debug|Any CPU = Debug|Any CPU
		Release|Any CPU = Release|Any CPU
	EndGlobalSection
	GlobalSection(ProjectConfigurationPlatforms) = postSolution
		{309E4632-6352-4640-9951-BC6375930EBA}.Debug|Any CPU.ActiveCfg = Debug|Any CPU
		{309E4632-6352-4640-9951-BC6375930EBA}.Debug|Any CPU.Build.0 = Debug|Any CPU
		{309E4632-6352-4640-9951-BC6375930EBA}.Release|Any CPU.ActiveCfg = Release|Any CPU
		{309E4632-6352-4640-9951-BC6375930EBA}.Release|Any CPU.Build.0 = Release|Any CPU
	EndGlobalSection
	GlobalSection(SolutionProperties) = preSolution
		HideSolutionNode = FALSE
	EndGlobalSection
	GlobalSection(ExtensibilityGlobals) = postSolution
		SolutionGuid = {9C3E3C4A-565A-49C2-BAAD-BE3D436F6D6B}
	EndGlobalSection
EndGlobal
